Microsoft Visual Studio Solution File, Format Version 12.00
# Visual Studio Version 17
VisualStudioVersion = 17.5.2.0
MinimumVisualStudioVersion = 10.0.40219.1
Project("{FAE04EC0-301F-11D3-BF4B-00C04F79EFBC}") = "UserInfo", "UserInfo.csproj", "{BDC29624-9CE6-5580-3976-E52BC2F57B17}"
EndProject
Global
	GlobalSection(SolutionConfigurationPlatforms) = preSolution
		Debug|Any CPU = Debug|Any CPU
		Release|Any CPU = Release|Any CPU
	EndGlobalSection
	GlobalSection(ProjectConfigurationPlatforms) = postSolution
		{BDC29624-9CE6-5580-3976-E52BC2F57B17}.Debug|Any CPU.ActiveCfg = Debug|Any CPU
		{BDC29624-9CE6-5580-3976-E52BC2F57B17}.Debug|Any CPU.Build.0 = Debug|Any CPU
		{BDC29624-9CE6-5580-3976-E52BC2F57B17}.Release|Any CPU.ActiveCfg = Release|Any CPU
		{BDC29624-9CE6-5580-3976-E52BC2F57B17}.Release|Any CPU.Build.0 = Release|Any CPU
	EndGlobalSection
	GlobalSection(SolutionProperties) = preSolution
		HideSolutionNode = FALSE
	EndGlobalSection
	GlobalSection(ExtensibilityGlobals) = postSolution
		SolutionGuid = {6758E264-6A6A-4269-8398-DC4509F867AD}
	EndGlobalSection
EndGlobal
