Microsoft Visual Studio Solution File, Format Version 12.00
# Visual Studio Version 17
VisualStudioVersion = 17.5.2.0
MinimumVisualStudioVersion = 10.0.40219.1
Project("{FAE04EC0-301F-11D3-BF4B-00C04F79EFBC}") = "EligableVote", "EligableVote.csproj", "{F797DC3E-A0E1-A12C-177F-3A90B98D127A}"
EndProject
Global
	GlobalSection(SolutionConfigurationPlatforms) = preSolution
		Debug|Any CPU = Debug|Any CPU
		Release|Any CPU = Release|Any CPU
	EndGlobalSection
	GlobalSection(ProjectConfigurationPlatforms) = postSolution
		{F797DC3E-A0E1-A12C-177F-3A90B98D127A}.Debug|Any CPU.ActiveCfg = Debug|Any CPU
		{F797DC3E-A0E1-A12C-177F-3A90B98D127A}.Debug|Any CPU.Build.0 = Debug|Any CPU
		{F797DC3E-A0E1-A12C-177F-3A90B98D127A}.Release|Any CPU.ActiveCfg = Release|Any CPU
		{F797DC3E-A0E1-A12C-177F-3A90B98D127A}.Release|Any CPU.Build.0 = Release|Any CPU
	EndGlobalSection
	GlobalSection(SolutionProperties) = preSolution
		HideSolutionNode = FALSE
	EndGlobalSection
	GlobalSection(ExtensibilityGlobals) = postSolution
		SolutionGuid = {514AE0F1-AAC6-4EA0-8A1E-E9AB852558B2}
	EndGlobalSection
EndGlobal
